# This file is automatically @generated by Cargo.
# It is not intended for manual editing.
version = 3

[[package]]
name = "sfs"
version = "0.1.0"
source = "git+https://github.com/salmanshahzad/sfs#ba56df9c86c9a62e7089dfdb4365a1a5905a4c96"

[[package]]
name = "website"
version = "0.1.0"
dependencies = [
 "sfs",
]
